{
  "name": "02",
  "version": "1.0.0",
  "lockfileVersion": 1,
  "requires": true,
  "dependencies": {
    "weavvcss": {
      "version": "1.0.2",
      "resolved": "https://registry.npmjs.org/weavvcss/-/weavvcss-1.0.2.tgz",
      "integrity": "sha512-m6/fEGhL1pRh76m9EMJvpiJJaIoqNR3/BHpVs8GobnI9lMnYiTrYskUJ9qNe51NRR2cuYDPQsJ8hgLdEn19/6A==",
      "dev": true
    }
  }
}
